
Microsoft Visual Studio Solution File, Format Version 12.00
# Visual Studio Version 17
VisualStudioVersion = 17.4.33110.190
MinimumVisualStudioVersion = 10.0.40219.1
Project("{FAE04EC0-301F-11D3-BF4B-00C04F79EFBC}") = "SaidOut.StringExtensions", "src\SaidOut.StringExtensions\SaidOut.StringExtensions.csproj", "{7AEE21BF-42EB-4073-8336-1100895039C5}"
EndProject
Project("{2150E333-8FDC-42A3-9474-1A3956D46DE8}") = "src", "src", "{13BFF023-830B-4DDE-A405-2688D52FC710}"
EndProject
Project("{2150E333-8FDC-42A3-9474-1A3956D46DE8}") = "test", "test", "{6BB01B53-0B92-4DB2-8A98-3B74FB76EDE7}"
EndProject
Project("{FAE04EC0-301F-11D3-BF4B-00C04F79EFBC}") = "SaidOut.StringExtensions.Tests", "test\SaidOut.StringExtensions.Tests\SaidOut.StringExtensions.Tests.csproj", "{03129EFD-8607-4660-BE75-A77A60E00ABE}"
EndProject
Project("{2150E333-8FDC-42A3-9474-1A3956D46DE8}") = "SolutionsItems", "SolutionsItems", "{4244684A-1735-4370-8709-6238683648E3}"
	ProjectSection(SolutionItems) = preProject
		README.md = README.md
	EndProjectSection
EndProject
Global
	GlobalSection(SolutionConfigurationPlatforms) = preSolution
		Debug|Any CPU = Debug|Any CPU
		Release|Any CPU = Release|Any CPU
	EndGlobalSection
	GlobalSection(ProjectConfigurationPlatforms) = postSolution
		{7AEE21BF-42EB-4073-8336-1100895039C5}.Debug|Any CPU.ActiveCfg = Debug|Any CPU
		{7AEE21BF-42EB-4073-8336-1100895039C5}.Debug|Any CPU.Build.0 = Debug|Any CPU
		{7AEE21BF-42EB-4073-8336-1100895039C5}.Release|Any CPU.ActiveCfg = Release|Any CPU
		{7AEE21BF-42EB-4073-8336-1100895039C5}.Release|Any CPU.Build.0 = Release|Any CPU
		{03129EFD-8607-4660-BE75-A77A60E00ABE}.Debug|Any CPU.ActiveCfg = Debug|Any CPU
		{03129EFD-8607-4660-BE75-A77A60E00ABE}.Debug|Any CPU.Build.0 = Debug|Any CPU
		{03129EFD-8607-4660-BE75-A77A60E00ABE}.Release|Any CPU.ActiveCfg = Release|Any CPU
		{03129EFD-8607-4660-BE75-A77A60E00ABE}.Release|Any CPU.Build.0 = Release|Any CPU
	EndGlobalSection
	GlobalSection(SolutionProperties) = preSolution
		HideSolutionNode = FALSE
	EndGlobalSection
	GlobalSection(NestedProjects) = preSolution
		{7AEE21BF-42EB-4073-8336-1100895039C5} = {13BFF023-830B-4DDE-A405-2688D52FC710}
		{03129EFD-8607-4660-BE75-A77A60E00ABE} = {6BB01B53-0B92-4DB2-8A98-3B74FB76EDE7}
	EndGlobalSection
	GlobalSection(ExtensibilityGlobals) = postSolution
		SolutionGuid = {1FED9C0E-69F8-4913-8AFD-43D77ECEFC1C}
	EndGlobalSection
EndGlobal
