
Microsoft Visual Studio Solution File, Format Version 12.00
# Visual Studio 15
VisualStudioVersion = 15.0.26730.12
MinimumVisualStudioVersion = 10.0.40219.1
Project("{9A19103F-16F7-4668-BE54-9A1E7A4F7556}") = "SaidOut.StringExtensions", "src\SaidOut.StringExtensions\SaidOut.StringExtensions.csproj", "{BBFAEAAE-1CA9-4046-8706-0E229BBD3CE8}"
EndProject
Project("{2150E333-8FDC-42A3-9474-1A3956D46DE8}") = "Solution Items", "Solution Items", "{625ADAC3-2578-433E-ABE0-2D166300AACD}"
	ProjectSection(SolutionItems) = preProject
		LICENSE = LICENSE
		README.md = README.md
		saidout_icon32x32.png = saidout_icon32x32.png
	EndProjectSection
EndProject
Project("{2150E333-8FDC-42A3-9474-1A3956D46DE8}") = "Tests", "Tests", "{48F6BF2C-C3DD-4714-A0CA-833DBD407A5B}"
EndProject
Project("{FAE04EC0-301F-11D3-BF4B-00C04F79EFBC}") = "SaidOut.StringExtensions.Tests", "test\SaidOut.StringExtensions.Tests\SaidOut.StringExtensions.Tests.csproj", "{8A483002-F0E1-4F91-9438-8F691CA0CCF1}"
EndProject
Global
	GlobalSection(SolutionConfigurationPlatforms) = preSolution
		Debug|Any CPU = Debug|Any CPU
		Release|Any CPU = Release|Any CPU
	EndGlobalSection
	GlobalSection(ProjectConfigurationPlatforms) = postSolution
		{BBFAEAAE-1CA9-4046-8706-0E229BBD3CE8}.Debug|Any CPU.ActiveCfg = Debug|Any CPU
		{BBFAEAAE-1CA9-4046-8706-0E229BBD3CE8}.Debug|Any CPU.Build.0 = Debug|Any CPU
		{BBFAEAAE-1CA9-4046-8706-0E229BBD3CE8}.Release|Any CPU.ActiveCfg = Release|Any CPU
		{BBFAEAAE-1CA9-4046-8706-0E229BBD3CE8}.Release|Any CPU.Build.0 = Release|Any CPU
		{8A483002-F0E1-4F91-9438-8F691CA0CCF1}.Debug|Any CPU.ActiveCfg = Debug|Any CPU
		{8A483002-F0E1-4F91-9438-8F691CA0CCF1}.Debug|Any CPU.Build.0 = Debug|Any CPU
		{8A483002-F0E1-4F91-9438-8F691CA0CCF1}.Release|Any CPU.ActiveCfg = Release|Any CPU
		{8A483002-F0E1-4F91-9438-8F691CA0CCF1}.Release|Any CPU.Build.0 = Release|Any CPU
	EndGlobalSection
	GlobalSection(SolutionProperties) = preSolution
		HideSolutionNode = FALSE
	EndGlobalSection
	GlobalSection(NestedProjects) = preSolution
		{8A483002-F0E1-4F91-9438-8F691CA0CCF1} = {48F6BF2C-C3DD-4714-A0CA-833DBD407A5B}
	EndGlobalSection
	GlobalSection(ExtensibilityGlobals) = postSolution
		SolutionGuid = {27407254-8F5F-42CD-BDAF-9161EECC0B27}
	EndGlobalSection
EndGlobal
